
Microsoft Visual Studio Solution File, Format Version 12.00
# Visual Studio 15
Project("{FAE04EC0-301F-11D3-BF4B-00C04F79EFBC}") = "spine-unity-examples", "spine-unity-examples.csproj", "{1BE35EC4-1AAC-16D5-6E19-27C67FC2752E}"
EndProject
Project("{FAE04EC0-301F-11D3-BF4B-00C04F79EFBC}") = "Assembly-CSharp", "Assembly-CSharp.csproj", "{7DF3C8DF-5ED3-5DB4-1157-7D11536D0201}"
EndProject
Project("{FAE04EC0-301F-11D3-BF4B-00C04F79EFBC}") = "spine-unity-editor", "spine-unity-editor.csproj", "{7285484E-40A6-EE96-3E76-CC5227FD87E8}"
EndProject
Project("{FAE04EC0-301F-11D3-BF4B-00C04F79EFBC}") = "spine-unity", "spine-unity.csproj", "{37146283-D258-B4D2-E700-423184FC0DA3}"
EndProject
Project("{FAE04EC0-301F-11D3-BF4B-00C04F79EFBC}") = "spine-unity-examples-editor", "spine-unity-examples-editor.csproj", "{7683F8B5-59AB-1039-8B91-C377CF9E7BE3}"
EndProject
Global
	GlobalSection(SolutionConfigurationPlatforms) = preSolution
		Debug|Any CPU = Debug|Any CPU
		Release|Any CPU = Release|Any CPU
	EndGlobalSection
	GlobalSection(ProjectConfigurationPlatforms) = postSolution
		{1BE35EC4-1AAC-16D5-6E19-27C67FC2752E}.Debug|Any CPU.ActiveCfg = Debug|Any CPU
		{1BE35EC4-1AAC-16D5-6E19-27C67FC2752E}.Debug|Any CPU.Build.0 = Debug|Any CPU
		{1BE35EC4-1AAC-16D5-6E19-27C67FC2752E}.Release|Any CPU.ActiveCfg = Release|Any CPU
		{1BE35EC4-1AAC-16D5-6E19-27C67FC2752E}.Release|Any CPU.Build.0 = Release|Any CPU
		{7DF3C8DF-5ED3-5DB4-1157-7D11536D0201}.Debug|Any CPU.ActiveCfg = Debug|Any CPU
		{7DF3C8DF-5ED3-5DB4-1157-7D11536D0201}.Debug|Any CPU.Build.0 = Debug|Any CPU
		{7DF3C8DF-5ED3-5DB4-1157-7D11536D0201}.Release|Any CPU.ActiveCfg = Release|Any CPU
		{7DF3C8DF-5ED3-5DB4-1157-7D11536D0201}.Release|Any CPU.Build.0 = Release|Any CPU
		{7285484E-40A6-EE96-3E76-CC5227FD87E8}.Debug|Any CPU.ActiveCfg = Debug|Any CPU
		{7285484E-40A6-EE96-3E76-CC5227FD87E8}.Debug|Any CPU.Build.0 = Debug|Any CPU
		{7285484E-40A6-EE96-3E76-CC5227FD87E8}.Release|Any CPU.ActiveCfg = Release|Any CPU
		{7285484E-40A6-EE96-3E76-CC5227FD87E8}.Release|Any CPU.Build.0 = Release|Any CPU
		{37146283-D258-B4D2-E700-423184FC0DA3}.Debug|Any CPU.ActiveCfg = Debug|Any CPU
		{37146283-D258-B4D2-E700-423184FC0DA3}.Debug|Any CPU.Build.0 = Debug|Any CPU
		{37146283-D258-B4D2-E700-423184FC0DA3}.Release|Any CPU.ActiveCfg = Release|Any CPU
		{37146283-D258-B4D2-E700-423184FC0DA3}.Release|Any CPU.Build.0 = Release|Any CPU
		{7683F8B5-59AB-1039-8B91-C377CF9E7BE3}.Debug|Any CPU.ActiveCfg = Debug|Any CPU
		{7683F8B5-59AB-1039-8B91-C377CF9E7BE3}.Debug|Any CPU.Build.0 = Debug|Any CPU
		{7683F8B5-59AB-1039-8B91-C377CF9E7BE3}.Release|Any CPU.ActiveCfg = Release|Any CPU
		{7683F8B5-59AB-1039-8B91-C377CF9E7BE3}.Release|Any CPU.Build.0 = Release|Any CPU
	EndGlobalSection
	GlobalSection(SolutionProperties) = preSolution
		HideSolutionNode = FALSE
	EndGlobalSection
EndGlobal
